
Microsoft Visual Studio Solution File, Format Version 12.00
# Visual Studio Version 16
VisualStudioVersion = 16.6.30114.105
MinimumVisualStudioVersion = 10.0.40219.1
Project("{FAE04EC0-301F-11D3-BF4B-00C04F79EFBC}") = "API", "API\API.csproj", "{B16B5E2E-5158-49AD-A2BD-5D0960487D0C}"
EndProject
Project("{FAE04EC0-301F-11D3-BF4B-00C04F79EFBC}") = "Application", "Application\Application.csproj", "{7E95D2E5-77CE-4DCB-9B2F-3CAE27BD2B45}"
EndProject
Project("{FAE04EC0-301F-11D3-BF4B-00C04F79EFBC}") = "Persistence", "Persistence\Persistence.csproj", "{6983A8CC-CC05-4F94-870F-343F95202CCC}"
EndProject
Project("{FAE04EC0-301F-11D3-BF4B-00C04F79EFBC}") = "Domain", "Domain\Domain.csproj", "{70488963-0084-4D8B-812E-D0AD25CA9EA8}"
EndProject
Global
	GlobalSection(SolutionConfigurationPlatforms) = preSolution
		Debug|Any CPU = Debug|Any CPU
		Debug|x64 = Debug|x64
		Debug|x86 = Debug|x86
		Release|Any CPU = Release|Any CPU
		Release|x64 = Release|x64
		Release|x86 = Release|x86
	EndGlobalSection
	GlobalSection(SolutionProperties) = preSolution
		HideSolutionNode = FALSE
	EndGlobalSection
	GlobalSection(ProjectConfigurationPlatforms) = postSolution
		{B16B5E2E-5158-49AD-A2BD-5D0960487D0C}.Debug|Any CPU.ActiveCfg = Debug|Any CPU
		{B16B5E2E-5158-49AD-A2BD-5D0960487D0C}.Debug|Any CPU.Build.0 = Debug|Any CPU
		{B16B5E2E-5158-49AD-A2BD-5D0960487D0C}.Debug|x64.ActiveCfg = Debug|Any CPU
		{B16B5E2E-5158-49AD-A2BD-5D0960487D0C}.Debug|x64.Build.0 = Debug|Any CPU
		{B16B5E2E-5158-49AD-A2BD-5D0960487D0C}.Debug|x86.ActiveCfg = Debug|Any CPU
		{B16B5E2E-5158-49AD-A2BD-5D0960487D0C}.Debug|x86.Build.0 = Debug|Any CPU
		{B16B5E2E-5158-49AD-A2BD-5D0960487D0C}.Release|Any CPU.ActiveCfg = Release|Any CPU
		{B16B5E2E-5158-49AD-A2BD-5D0960487D0C}.Release|Any CPU.Build.0 = Release|Any CPU
		{B16B5E2E-5158-49AD-A2BD-5D0960487D0C}.Release|x64.ActiveCfg = Release|Any CPU
		{B16B5E2E-5158-49AD-A2BD-5D0960487D0C}.Release|x64.Build.0 = Release|Any CPU
		{B16B5E2E-5158-49AD-A2BD-5D0960487D0C}.Release|x86.ActiveCfg = Release|Any CPU
		{B16B5E2E-5158-49AD-A2BD-5D0960487D0C}.Release|x86.Build.0 = Release|Any CPU
		{7E95D2E5-77CE-4DCB-9B2F-3CAE27BD2B45}.Debug|Any CPU.ActiveCfg = Debug|Any CPU
		{7E95D2E5-77CE-4DCB-9B2F-3CAE27BD2B45}.Debug|Any CPU.Build.0 = Debug|Any CPU
		{7E95D2E5-77CE-4DCB-9B2F-3CAE27BD2B45}.Debug|x64.ActiveCfg = Debug|Any CPU
		{7E95D2E5-77CE-4DCB-9B2F-3CAE27BD2B45}.Debug|x64.Build.0 = Debug|Any CPU
		{7E95D2E5-77CE-4DCB-9B2F-3CAE27BD2B45}.Debug|x86.ActiveCfg = Debug|Any CPU
		{7E95D2E5-77CE-4DCB-9B2F-3CAE27BD2B45}.Debug|x86.Build.0 = Debug|Any CPU
		{7E95D2E5-77CE-4DCB-9B2F-3CAE27BD2B45}.Release|Any CPU.ActiveCfg = Release|Any CPU
		{7E95D2E5-77CE-4DCB-9B2F-3CAE27BD2B45}.Release|Any CPU.Build.0 = Release|Any CPU
		{7E95D2E5-77CE-4DCB-9B2F-3CAE27BD2B45}.Release|x64.ActiveCfg = Release|Any CPU
		{7E95D2E5-77CE-4DCB-9B2F-3CAE27BD2B45}.Release|x64.Build.0 = Release|Any CPU
		{7E95D2E5-77CE-4DCB-9B2F-3CAE27BD2B45}.Release|x86.ActiveCfg = Release|Any CPU
		{7E95D2E5-77CE-4DCB-9B2F-3CAE27BD2B45}.Release|x86.Build.0 = Release|Any CPU
		{6983A8CC-CC05-4F94-870F-343F95202CCC}.Debug|Any CPU.ActiveCfg = Debug|Any CPU
		{6983A8CC-CC05-4F94-870F-343F95202CCC}.Debug|Any CPU.Build.0 = Debug|Any CPU
		{6983A8CC-CC05-4F94-870F-343F95202CCC}.Debug|x64.ActiveCfg = Debug|Any CPU
		{6983A8CC-CC05-4F94-870F-343F95202CCC}.Debug|x64.Build.0 = Debug|Any CPU
		{6983A8CC-CC05-4F94-870F-343F95202CCC}.Debug|x86.ActiveCfg = Debug|Any CPU
		{6983A8CC-CC05-4F94-870F-343F95202CCC}.Debug|x86.Build.0 = Debug|Any CPU
		{6983A8CC-CC05-4F94-870F-343F95202CCC}.Release|Any CPU.ActiveCfg = Release|Any CPU
		{6983A8CC-CC05-4F94-870F-343F95202CCC}.Release|Any CPU.Build.0 = Release|Any CPU
		{6983A8CC-CC05-4F94-870F-343F95202CCC}.Release|x64.ActiveCfg = Release|Any CPU
		{6983A8CC-CC05-4F94-870F-343F95202CCC}.Release|x64.Build.0 = Release|Any CPU
		{6983A8CC-CC05-4F94-870F-343F95202CCC}.Release|x86.ActiveCfg = Release|Any CPU
		{6983A8CC-CC05-4F94-870F-343F95202CCC}.Release|x86.Build.0 = Release|Any CPU
		{70488963-0084-4D8B-812E-D0AD25CA9EA8}.Debug|Any CPU.ActiveCfg = Debug|Any CPU
		{70488963-0084-4D8B-812E-D0AD25CA9EA8}.Debug|Any CPU.Build.0 = Debug|Any CPU
		{70488963-0084-4D8B-812E-D0AD25CA9EA8}.Debug|x64.ActiveCfg = Debug|Any CPU
		{70488963-0084-4D8B-812E-D0AD25CA9EA8}.Debug|x64.Build.0 = Debug|Any CPU
		{70488963-0084-4D8B-812E-D0AD25CA9EA8}.Debug|x86.ActiveCfg = Debug|Any CPU
		{70488963-0084-4D8B-812E-D0AD25CA9EA8}.Debug|x86.Build.0 = Debug|Any CPU
		{70488963-0084-4D8B-812E-D0AD25CA9EA8}.Release|Any CPU.ActiveCfg = Release|Any CPU
		{70488963-0084-4D8B-812E-D0AD25CA9EA8}.Release|Any CPU.Build.0 = Release|Any CPU
		{70488963-0084-4D8B-812E-D0AD25CA9EA8}.Release|x64.ActiveCfg = Release|Any CPU
		{70488963-0084-4D8B-812E-D0AD25CA9EA8}.Release|x64.Build.0 = Release|Any CPU
		{70488963-0084-4D8B-812E-D0AD25CA9EA8}.Release|x86.ActiveCfg = Release|Any CPU
		{70488963-0084-4D8B-812E-D0AD25CA9EA8}.Release|x86.Build.0 = Release|Any CPU
	EndGlobalSection
EndGlobal
